// !$*UTF8*$!
{
	archiveVersion = 1;
	classes = {
	};
	objectVersion = 77;
	objects = {

/* Begin PBXBuildFile section */
		640168512E28165100802E52 /* AppDelegate.swift in Sources */ = {isa = PBXBuildFile; fileRef = 640168472E28165100802E52 /* AppDelegate.swift */; };
		640168522E28165100802E52 /* SceneDelegate.swift in Sources */ = {isa = PBXBuildFile; fileRef = 6401684E2E28165100802E52 /* SceneDelegate.swift */; };
		640168532E28165100802E52 /* ViewController.swift in Sources */ = {isa = PBXBuildFile; fileRef = 6401684F2E28165100802E52 /* ViewController.swift */; };
		640168542E28165100802E52 /* Assets.xcassets in Resources */ = {isa = PBXBuildFile; fileRef = 640168482E28165100802E52 /* Assets.xcassets */; };
		640168562E28165100802E52 /* LaunchScreen.storyboard in Resources */ = {isa = PBXBuildFile; fileRef = 6401684B2E28165100802E52 /* LaunchScreen.storyboard */; };
		640168572E28165100802E52 /* Main.storyboard in Resources */ = {isa = PBXBuildFile; fileRef = 6401684D2E28165100802E52 /* Main.storyboard */; };
		6401685C2E2D5EF900802E52 /* Color + Extension.swift in Sources */ = {isa = PBXBuildFile; fileRef = 6401685B2E2D5EF900802E52 /* Color + Extension.swift */; };
		6401685F2E2D5F1300802E52 /* Model.swift in Sources */ = {isa = PBXBuildFile; fileRef = 6401685E2E2D5F1300802E52 /* Model.swift */; };
		640168622E2D5F2800802E52 /* WorkoutsViewModel.swift in Sources */ = {isa = PBXBuildFile; fileRef = 640168612E2D5F2800802E52 /* WorkoutsViewModel.swift */; };
		640168642E2D5F3400802E52 /* WorkoutsView.swift in Sources */ = {isa = PBXBuildFile; fileRef = 640168632E2D5F3400802E52 /* WorkoutsView.swift */; };
		640168672E2D5F4B00802E52 /* MainTab.swift in Sources */ = {isa = PBXBuildFile; fileRef = 640168662E2D5F4B00802E52 /* MainTab.swift */; };
		6401686A2E2D638C00802E52 /* ProgressViewModel.swift in Sources */ = {isa = PBXBuildFile; fileRef = 640168692E2D638C00802E52 /* ProgressViewModel.swift */; };
		6401686C2E2D639900802E52 /* ProgressView.swift in Sources */ = {isa = PBXBuildFile; fileRef = 6401686B2E2D639900802E52 /* ProgressView.swift */; };
		6401686F2E2EC08D00802E52 /* BMICalculatorViewModel.swift in Sources */ = {isa = PBXBuildFile; fileRef = 6401686E2E2EC08D00802E52 /* BMICalculatorViewModel.swift */; };
		640168712E2EC0B700802E52 /* BMICalculatorView.swift in Sources */ = {isa = PBXBuildFile; fileRef = 640168702E2EC0B700802E52 /* BMICalculatorView.swift */; };
		640168742E2EC3C400802E52 /* ProfileViewModel.swift in Sources */ = {isa = PBXBuildFile; fileRef = 640168732E2EC3C400802E52 /* ProfileViewModel.swift */; };
		640168762E2EC3FF00802E52 /* ProfileView.swift in Sources */ = {isa = PBXBuildFile; fileRef = 640168752E2EC3FF00802E52 /* ProfileView.swift */; };
		640168792E2EC57500802E52 /* OnboardingViewModel.swift in Sources */ = {isa = PBXBuildFile; fileRef = 640168782E2EC57500802E52 /* OnboardingViewModel.swift */; };
		6401687B2E2EC58700802E52 /* OnboardingView.swift in Sources */ = {isa = PBXBuildFile; fileRef = 6401687A2E2EC58700802E52 /* OnboardingView.swift */; };
/* End PBXBuildFile section */

/* Begin PBXFileReference section */
		6401682F2E28163B00802E52 /* WeightCalc.app */ = {isa = PBXFileReference; explicitFileType = wrapper.application; includeInIndex = 0; path = WeightCalc.app; sourceTree = BUILT_PRODUCTS_DIR; };
		640168472E28165100802E52 /* AppDelegate.swift */ = {isa = PBXFileReference; lastKnownFileType = sourcecode.swift; path = AppDelegate.swift; sourceTree = "<group>"; };
		640168482E28165100802E52 /* Assets.xcassets */ = {isa = PBXFileReference; lastKnownFileType = folder.assetcatalog; path = Assets.xcassets; sourceTree = "<group>"; };
		640168492E28165100802E52 /* Info.plist */ = {isa = PBXFileReference; lastKnownFileType = text.plist.xml; path = Info.plist; sourceTree = "<group>"; };
		6401684A2E28165100802E52 /* Base */ = {isa = PBXFileReference; lastKnownFileType = file.storyboard; name = Base; path = Base.lproj/LaunchScreen.storyboard; sourceTree = "<group>"; };
		6401684C2E28165100802E52 /* Base */ = {isa = PBXFileReference; lastKnownFileType = file.storyboard; name = Base; path = Base.lproj/Main.storyboard; sourceTree = "<group>"; };
		6401684E2E28165100802E52 /* SceneDelegate.swift */ = {isa = PBXFileReference; lastKnownFileType = sourcecode.swift; path = SceneDelegate.swift; sourceTree = "<group>"; };
		6401684F2E28165100802E52 /* ViewController.swift */ = {isa = PBXFileReference; lastKnownFileType = sourcecode.swift; path = ViewController.swift; sourceTree = "<group>"; };
		6401685B2E2D5EF900802E52 /* Color + Extension.swift */ = {isa = PBXFileReference; lastKnownFileType = sourcecode.swift; path = "Color + Extension.swift"; sourceTree = "<group>"; };
		6401685E2E2D5F1300802E52 /* Model.swift */ = {isa = PBXFileReference; lastKnownFileType = sourcecode.swift; path = Model.swift; sourceTree = "<group>"; };
		640168612E2D5F2800802E52 /* WorkoutsViewModel.swift */ = {isa = PBXFileReference; lastKnownFileType = sourcecode.swift; path = WorkoutsViewModel.swift; sourceTree = "<group>"; };
		640168632E2D5F3400802E52 /* WorkoutsView.swift */ = {isa = PBXFileReference; lastKnownFileType = sourcecode.swift; path = WorkoutsView.swift; sourceTree = "<group>"; };
		640168662E2D5F4B00802E52 /* MainTab.swift */ = {isa = PBXFileReference; lastKnownFileType = sourcecode.swift; path = MainTab.swift; sourceTree = "<group>"; };
		640168692E2D638C00802E52 /* ProgressViewModel.swift */ = {isa = PBXFileReference; lastKnownFileType = sourcecode.swift; path = ProgressViewModel.swift; sourceTree = "<group>"; };
		6401686B2E2D639900802E52 /* ProgressView.swift */ = {isa = PBXFileReference; lastKnownFileType = sourcecode.swift; path = ProgressView.swift; sourceTree = "<group>"; };
		6401686E2E2EC08D00802E52 /* BMICalculatorViewModel.swift */ = {isa = PBXFileReference; lastKnownFileType = sourcecode.swift; path = BMICalculatorViewModel.swift; sourceTree = "<group>"; };
		640168702E2EC0B700802E52 /* BMICalculatorView.swift */ = {isa = PBXFileReference; lastKnownFileType = sourcecode.swift; path = BMICalculatorView.swift; sourceTree = "<group>"; };
		640168732E2EC3C400802E52 /* ProfileViewModel.swift */ = {isa = PBXFileReference; lastKnownFileType = sourcecode.swift; path = ProfileViewModel.swift; sourceTree = "<group>"; };
		640168752E2EC3FF00802E52 /* ProfileView.swift */ = {isa = PBXFileReference; lastKnownFileType = sourcecode.swift; path = ProfileView.swift; sourceTree = "<group>"; };
		640168782E2EC57500802E52 /* OnboardingViewModel.swift */ = {isa = PBXFileReference; lastKnownFileType = sourcecode.swift; path = OnboardingViewModel.swift; sourceTree = "<group>"; };
		6401687A2E2EC58700802E52 /* OnboardingView.swift */ = {isa = PBXFileReference; lastKnownFileType = sourcecode.swift; path = OnboardingView.swift; sourceTree = "<group>"; };
/* End PBXFileReference section */

/* Begin PBXFrameworksBuildPhase section */
		6401682C2E28163B00802E52 /* Frameworks */ = {
			isa = PBXFrameworksBuildPhase;
			buildActionMask = 2147483647;
			files = (
			);
			runOnlyForDeploymentPostprocessing = 0;
		};
/* End PBXFrameworksBuildPhase section */

/* Begin PBXGroup section */
		640168262E28163B00802E52 = {
			isa = PBXGroup;
			children = (
				640168502E28165100802E52 /* WeightCalc */,
				640168302E28163B00802E52 /* Products */,
			);
			sourceTree = "<group>";
		};
		640168302E28163B00802E52 /* Products */ = {
			isa = PBXGroup;
			children = (
				6401682F2E28163B00802E52 /* WeightCalc.app */,
			);
			name = Products;
			sourceTree = "<group>";
		};
		640168502E28165100802E52 /* WeightCalc */ = {
			isa = PBXGroup;
			children = (
				640168592E28165C00802E52 /* SUI */,
				640168582E28165600802E52 /* APP */,
				640168482E28165100802E52 /* Assets.xcassets */,
				640168492E28165100802E52 /* Info.plist */,
				6401684B2E28165100802E52 /* LaunchScreen.storyboard */,
				6401684D2E28165100802E52 /* Main.storyboard */,
			);
			path = WeightCalc;
			sourceTree = "<group>";
		};
		640168582E28165600802E52 /* APP */ = {
			isa = PBXGroup;
			children = (
				640168472E28165100802E52 /* AppDelegate.swift */,
				6401684E2E28165100802E52 /* SceneDelegate.swift */,
				6401684F2E28165100802E52 /* ViewController.swift */,
			);
			path = APP;
			sourceTree = "<group>";
		};
		640168592E28165C00802E52 /* SUI */ = {
			isa = PBXGroup;
			children = (
				640168772E2EC56E00802E52 /* Onboarding */,
				640168722E2EC3BE00802E52 /* Profile */,
				6401686D2E2EC07200802E52 /* Calculator */,
				640168682E2D638700802E52 /* Progress */,
				640168652E2D5F4300802E52 /* MainTab */,
				640168602E2D5F2100802E52 /* Workouts */,
				6401685D2E2D5F0F00802E52 /* Model */,
				6401685A2E2D5EDA00802E52 /* Components */,
			);
			path = SUI;
			sourceTree = "<group>";
		};
		6401685A2E2D5EDA00802E52 /* Components */ = {
			isa = PBXGroup;
			children = (
				6401685B2E2D5EF900802E52 /* Color + Extension.swift */,
			);
			path = Components;
			sourceTree = "<group>";
		};
		6401685D2E2D5F0F00802E52 /* Model */ = {
			isa = PBXGroup;
			children = (
				6401685E2E2D5F1300802E52 /* Model.swift */,
			);
			path = Model;
			sourceTree = "<group>";
		};
		640168602E2D5F2100802E52 /* Workouts */ = {
			isa = PBXGroup;
			children = (
				640168612E2D5F2800802E52 /* WorkoutsViewModel.swift */,
				640168632E2D5F3400802E52 /* WorkoutsView.swift */,
			);
			path = Workouts;
			sourceTree = "<group>";
		};
		640168652E2D5F4300802E52 /* MainTab */ = {
			isa = PBXGroup;
			children = (
				640168662E2D5F4B00802E52 /* MainTab.swift */,
			);
			path = MainTab;
			sourceTree = "<group>";
		};
		640168682E2D638700802E52 /* Progress */ = {
			isa = PBXGroup;
			children = (
				640168692E2D638C00802E52 /* ProgressViewModel.swift */,
				6401686B2E2D639900802E52 /* ProgressView.swift */,
			);
			path = Progress;
			sourceTree = "<group>";
		};
		6401686D2E2EC07200802E52 /* Calculator */ = {
			isa = PBXGroup;
			children = (
				6401686E2E2EC08D00802E52 /* BMICalculatorViewModel.swift */,
				640168702E2EC0B700802E52 /* BMICalculatorView.swift */,
			);
			path = Calculator;
			sourceTree = "<group>";
		};
		640168722E2EC3BE00802E52 /* Profile */ = {
			isa = PBXGroup;
			children = (
				640168732E2EC3C400802E52 /* ProfileViewModel.swift */,
				640168752E2EC3FF00802E52 /* ProfileView.swift */,
			);
			path = Profile;
			sourceTree = "<group>";
		};
		640168772E2EC56E00802E52 /* Onboarding */ = {
			isa = PBXGroup;
			children = (
				640168782E2EC57500802E52 /* OnboardingViewModel.swift */,
				6401687A2E2EC58700802E52 /* OnboardingView.swift */,
			);
			path = Onboarding;
			sourceTree = "<group>";
		};
/* End PBXGroup section */

/* Begin PBXNativeTarget section */
		6401682E2E28163B00802E52 /* WeightCalc */ = {
			isa = PBXNativeTarget;
			buildConfigurationList = 640168422E28163D00802E52 /* Build configuration list for PBXNativeTarget "WeightCalc" */;
			buildPhases = (
				6401682B2E28163B00802E52 /* Sources */,
				6401682C2E28163B00802E52 /* Frameworks */,
				6401682D2E28163B00802E52 /* Resources */,
			);
			buildRules = (
			);
			dependencies = (
			);
			name = WeightCalc;
			packageProductDependencies = (
			);
			productName = WeightCalc;
			productReference = 6401682F2E28163B00802E52 /* WeightCalc.app */;
			productType = "com.apple.product-type.application";
		};
/* End PBXNativeTarget section */

/* Begin PBXProject section */
		640168272E28163B00802E52 /* Project object */ = {
			isa = PBXProject;
			attributes = {
				BuildIndependentTargetsInParallel = 1;
				LastSwiftUpdateCheck = 1630;
				LastUpgradeCheck = 1630;
				TargetAttributes = {
					6401682E2E28163B00802E52 = {
						CreatedOnToolsVersion = 16.3;
					};
				};
			};
			buildConfigurationList = 6401682A2E28163B00802E52 /* Build configuration list for PBXProject "WeightCalc" */;
			developmentRegion = en;
			hasScannedForEncodings = 0;
			knownRegions = (
				en,
				Base,
			);
			mainGroup = 640168262E28163B00802E52;
			minimizedProjectReferenceProxies = 1;
			preferredProjectObjectVersion = 77;
			productRefGroup = 640168302E28163B00802E52 /* Products */;
			projectDirPath = "";
			projectRoot = "";
			targets = (
				6401682E2E28163B00802E52 /* WeightCalc */,
			);
		};
/* End PBXProject section */

/* Begin PBXResourcesBuildPhase section */
		6401682D2E28163B00802E52 /* Resources */ = {
			isa = PBXResourcesBuildPhase;
			buildActionMask = 2147483647;
			files = (
				640168542E28165100802E52 /* Assets.xcassets in Resources */,
				640168562E28165100802E52 /* LaunchScreen.storyboard in Resources */,
				640168572E28165100802E52 /* Main.storyboard in Resources */,
			);
			runOnlyForDeploymentPostprocessing = 0;
		};
/* End PBXResourcesBuildPhase section */

/* Begin PBXSourcesBuildPhase section */
		6401682B2E28163B00802E52 /* Sources */ = {
			isa = PBXSourcesBuildPhase;
			buildActionMask = 2147483647;
			files = (
				6401686F2E2EC08D00802E52 /* BMICalculatorViewModel.swift in Sources */,
				6401686A2E2D638C00802E52 /* ProgressViewModel.swift in Sources */,
				6401685F2E2D5F1300802E52 /* Model.swift in Sources */,
				640168512E28165100802E52 /* AppDelegate.swift in Sources */,
				640168622E2D5F2800802E52 /* WorkoutsViewModel.swift in Sources */,
				640168672E2D5F4B00802E52 /* MainTab.swift in Sources */,
				6401685C2E2D5EF900802E52 /* Color + Extension.swift in Sources */,
				640168712E2EC0B700802E52 /* BMICalculatorView.swift in Sources */,
				640168522E28165100802E52 /* SceneDelegate.swift in Sources */,
				6401686C2E2D639900802E52 /* ProgressView.swift in Sources */,
				640168792E2EC57500802E52 /* OnboardingViewModel.swift in Sources */,
				640168742E2EC3C400802E52 /* ProfileViewModel.swift in Sources */,
				640168642E2D5F3400802E52 /* WorkoutsView.swift in Sources */,
				6401687B2E2EC58700802E52 /* OnboardingView.swift in Sources */,
				640168762E2EC3FF00802E52 /* ProfileView.swift in Sources */,
				640168532E28165100802E52 /* ViewController.swift in Sources */,
			);
			runOnlyForDeploymentPostprocessing = 0;
		};
/* End PBXSourcesBuildPhase section */

/* Begin PBXVariantGroup section */
		6401684B2E28165100802E52 /* LaunchScreen.storyboard */ = {
			isa = PBXVariantGroup;
			children = (
				6401684A2E28165100802E52 /* Base */,
			);
			name = LaunchScreen.storyboard;
			sourceTree = "<group>";
		};
		6401684D2E28165100802E52 /* Main.storyboard */ = {
			isa = PBXVariantGroup;
			children = (
				6401684C2E28165100802E52 /* Base */,
			);
			name = Main.storyboard;
			sourceTree = "<group>";
		};
/* End PBXVariantGroup section */

/* Begin XCBuildConfiguration section */
		640168432E28163D00802E52 /* Debug */ = {
			isa = XCBuildConfiguration;
			buildSettings = {
				ASSETCATALOG_COMPILER_APPICON_NAME = AppIcon;
				ASSETCATALOG_COMPILER_GLOBAL_ACCENT_COLOR_NAME = AccentColor;
				CODE_SIGN_STYLE = Manual;
				CURRENT_PROJECT_VERSION = 1;
				DEVELOPMENT_TEAM = "";
				GENERATE_INFOPLIST_FILE = YES;
				INFOPLIST_FILE = WeightCalc/Info.plist;
				INFOPLIST_KEY_CFBundleDisplayName = Roobench;
				INFOPLIST_KEY_UIApplicationSupportsIndirectInputEvents = YES;
				INFOPLIST_KEY_UILaunchStoryboardName = LaunchScreen;
				INFOPLIST_KEY_UIMainStoryboardFile = Main;
				INFOPLIST_KEY_UISupportedInterfaceOrientations = UIInterfaceOrientationPortrait;
				INFOPLIST_KEY_UISupportedInterfaceOrientations_iPad = "UIInterfaceOrientationLandscapeLeft UIInterfaceOrientationLandscapeRight UIInterfaceOrientationPortrait UIInterfaceOrientationPortraitUpsideDown";
				INFOPLIST_KEY_UIUserInterfaceStyle = Dark;
				IPHONEOS_DEPLOYMENT_TARGET = 16.0;
				LD_RUNPATH_SEARCH_PATHS = (
					"$(inherited)",
					"@executable_path/Frameworks",
				);
				MARKETING_VERSION = 1.0.1;
				PRODUCT_BUNDLE_IDENTIFIER = com.WeightCalcApp;
				PRODUCT_NAME = "$(TARGET_NAME)";
				PROVISIONING_PROFILE_SPECIFIER = "";
				SUPPORTED_PLATFORMS = "iphoneos iphonesimulator";
				SUPPORTS_MACCATALYST = NO;
				SUPPORTS_MAC_DESIGNED_FOR_IPHONE_IPAD = NO;
				SUPPORTS_XR_DESIGNED_FOR_IPHONE_IPAD = NO;
				SWIFT_EMIT_LOC_STRINGS = YES;
				SWIFT_VERSION = 5.0;
				TARGETED_DEVICE_FAMILY = 1;
			};
			name = Debug;
		};
		640168442E28163D00802E52 /* Release */ = {
			isa = XCBuildConfiguration;
			buildSettings = {
				ASSETCATALOG_COMPILER_APPICON_NAME = AppIcon;
				ASSETCATALOG_COMPILER_GLOBAL_ACCENT_COLOR_NAME = AccentColor;
				CODE_SIGN_STYLE = Manual;
				CURRENT_PROJECT_VERSION = 1;
				DEVELOPMENT_TEAM = "";
				GENERATE_INFOPLIST_FILE = YES;
				INFOPLIST_FILE = WeightCalc/Info.plist;
				INFOPLIST_KEY_CFBundleDisplayName = Roobench;
				INFOPLIST_KEY_UIApplicationSupportsIndirectInputEvents = YES;
				INFOPLIST_KEY_UILaunchStoryboardName = LaunchScreen;
				INFOPLIST_KEY_UIMainStoryboardFile = Main;
				INFOPLIST_KEY_UISupportedInterfaceOrientations = UIInterfaceOrientationPortrait;
				INFOPLIST_KEY_UISupportedInterfaceOrientations_iPad = "UIInterfaceOrientationLandscapeLeft UIInterfaceOrientationLandscapeRight UIInterfaceOrientationPortrait UIInterfaceOrientationPortraitUpsideDown";
				INFOPLIST_KEY_UIUserInterfaceStyle = Dark;
				IPHONEOS_DEPLOYMENT_TARGET = 16.0;
				LD_RUNPATH_SEARCH_PATHS = (
					"$(inherited)",
					"@executable_path/Frameworks",
				);
				MARKETING_VERSION = 1.0.1;
				PRODUCT_BUNDLE_IDENTIFIER = com.WeightCalcApp;
				PRODUCT_NAME = "$(TARGET_NAME)";
				PROVISIONING_PROFILE_SPECIFIER = "";
				SUPPORTED_PLATFORMS = "iphoneos iphonesimulator";
				SUPPORTS_MACCATALYST = NO;
				SUPPORTS_MAC_DESIGNED_FOR_IPHONE_IPAD = NO;
				SUPPORTS_XR_DESIGNED_FOR_IPHONE_IPAD = NO;
				SWIFT_EMIT_LOC_STRINGS = YES;
				SWIFT_VERSION = 5.0;
				TARGETED_DEVICE_FAMILY = 1;
			};
			name = Release;
		};
		640168452E28163D00802E52 /* Debug */ = {
			isa = XCBuildConfiguration;
			buildSettings = {
				ALWAYS_SEARCH_USER_PATHS = NO;
				ASSETCATALOG_COMPILER_GENERATE_SWIFT_ASSET_SYMBOL_EXTENSIONS = YES;
				CLANG_ANALYZER_NONNULL = YES;
				CLANG_ANALYZER_NUMBER_OBJECT_CONVERSION = YES_AGGRESSIVE;
				CLANG_CXX_LANGUAGE_STANDARD = "gnu++20";
				CLANG_ENABLE_MODULES = YES;
				CLANG_ENABLE_OBJC_ARC = YES;
				CLANG_ENABLE_OBJC_WEAK = YES;
				CLANG_WARN_BLOCK_CAPTURE_AUTORELEASING = YES;
				CLANG_WARN_BOOL_CONVERSION = YES;
				CLANG_WARN_COMMA = YES;
				CLANG_WARN_CONSTANT_CONVERSION = YES;
				CLANG_WARN_DEPRECATED_OBJC_IMPLEMENTATIONS = YES;
				CLANG_WARN_DIRECT_OBJC_ISA_USAGE = YES_ERROR;
				CLANG_WARN_DOCUMENTATION_COMMENTS = YES;
				CLANG_WARN_EMPTY_BODY = YES;
				CLANG_WARN_ENUM_CONVERSION = YES;
				CLANG_WARN_INFINITE_RECURSION = YES;
				CLANG_WARN_INT_CONVERSION = YES;
				CLANG_WARN_NON_LITERAL_NULL_CONVERSION = YES;
				CLANG_WARN_OBJC_IMPLICIT_RETAIN_SELF = YES;
				CLANG_WARN_OBJC_LITERAL_CONVERSION = YES;
				CLANG_WARN_OBJC_ROOT_CLASS = YES_ERROR;
				CLANG_WARN_QUOTED_INCLUDE_IN_FRAMEWORK_HEADER = YES;
				CLANG_WARN_RANGE_LOOP_ANALYSIS = YES;
				CLANG_WARN_STRICT_PROTOTYPES = YES;
				CLANG_WARN_SUSPICIOUS_MOVE = YES;
				CLANG_WARN_UNGUARDED_AVAILABILITY = YES_AGGRESSIVE;
				CLANG_WARN_UNREACHABLE_CODE = YES;
				CLANG_WARN__DUPLICATE_METHOD_MATCH = YES;
				COPY_PHASE_STRIP = NO;
				DEBUG_INFORMATION_FORMAT = dwarf;
				ENABLE_STRICT_OBJC_MSGSEND = YES;
				ENABLE_TESTABILITY = YES;
				ENABLE_USER_SCRIPT_SANDBOXING = YES;
				GCC_C_LANGUAGE_STANDARD = gnu17;
				GCC_DYNAMIC_NO_PIC = NO;
				GCC_NO_COMMON_BLOCKS = YES;
				GCC_OPTIMIZATION_LEVEL = 0;
				GCC_PREPROCESSOR_DEFINITIONS = (
					"DEBUG=1",
					"$(inherited)",
				);
				GCC_WARN_64_TO_32_BIT_CONVERSION = YES;
				GCC_WARN_ABOUT_RETURN_TYPE = YES_ERROR;
				GCC_WARN_UNDECLARED_SELECTOR = YES;
				GCC_WARN_UNINITIALIZED_AUTOS = YES_AGGRESSIVE;
				GCC_WARN_UNUSED_FUNCTION = YES;
				GCC_WARN_UNUSED_VARIABLE = YES;
				IPHONEOS_DEPLOYMENT_TARGET = 18.4;
				LOCALIZATION_PREFERS_STRING_CATALOGS = YES;
				MTL_ENABLE_DEBUG_INFO = INCLUDE_SOURCE;
				MTL_FAST_MATH = YES;
				ONLY_ACTIVE_ARCH = YES;
				SDKROOT = iphoneos;
				SWIFT_ACTIVE_COMPILATION_CONDITIONS = "DEBUG $(inherited)";
				SWIFT_OPTIMIZATION_LEVEL = "-Onone";
			};
			name = Debug;
		};
		640168462E28163D00802E52 /* Release */ = {
			isa = XCBuildConfiguration;
			buildSettings = {
				ALWAYS_SEARCH_USER_PATHS = NO;
				ASSETCATALOG_COMPILER_GENERATE_SWIFT_ASSET_SYMBOL_EXTENSIONS = YES;
				CLANG_ANALYZER_NONNULL = YES;
				CLANG_ANALYZER_NUMBER_OBJECT_CONVERSION = YES_AGGRESSIVE;
				CLANG_CXX_LANGUAGE_STANDARD = "gnu++20";
				CLANG_ENABLE_MODULES = YES;
				CLANG_ENABLE_OBJC_ARC = YES;
				CLANG_ENABLE_OBJC_WEAK = YES;
				CLANG_WARN_BLOCK_CAPTURE_AUTORELEASING = YES;
				CLANG_WARN_BOOL_CONVERSION = YES;
				CLANG_WARN_COMMA = YES;
				CLANG_WARN_CONSTANT_CONVERSION = YES;
				CLANG_WARN_DEPRECATED_OBJC_IMPLEMENTATIONS = YES;
				CLANG_WARN_DIRECT_OBJC_ISA_USAGE = YES_ERROR;
				CLANG_WARN_DOCUMENTATION_COMMENTS = YES;
				CLANG_WARN_EMPTY_BODY = YES;
				CLANG_WARN_ENUM_CONVERSION = YES;
				CLANG_WARN_INFINITE_RECURSION = YES;
				CLANG_WARN_INT_CONVERSION = YES;
				CLANG_WARN_NON_LITERAL_NULL_CONVERSION = YES;
				CLANG_WARN_OBJC_IMPLICIT_RETAIN_SELF = YES;
				CLANG_WARN_OBJC_LITERAL_CONVERSION = YES;
				CLANG_WARN_OBJC_ROOT_CLASS = YES_ERROR;
				CLANG_WARN_QUOTED_INCLUDE_IN_FRAMEWORK_HEADER = YES;
				CLANG_WARN_RANGE_LOOP_ANALYSIS = YES;
				CLANG_WARN_STRICT_PROTOTYPES = YES;
				CLANG_WARN_SUSPICIOUS_MOVE = YES;
				CLANG_WARN_UNGUARDED_AVAILABILITY = YES_AGGRESSIVE;
				CLANG_WARN_UNREACHABLE_CODE = YES;
				CLANG_WARN__DUPLICATE_METHOD_MATCH = YES;
				COPY_PHASE_STRIP = NO;
				DEBUG_INFORMATION_FORMAT = "dwarf-with-dsym";
				ENABLE_NS_ASSERTIONS = NO;
				ENABLE_STRICT_OBJC_MSGSEND = YES;
				ENABLE_USER_SCRIPT_SANDBOXING = YES;
				GCC_C_LANGUAGE_STANDARD = gnu17;
				GCC_NO_COMMON_BLOCKS = YES;
				GCC_WARN_64_TO_32_BIT_CONVERSION = YES;
				GCC_WARN_ABOUT_RETURN_TYPE = YES_ERROR;
				GCC_WARN_UNDECLARED_SELECTOR = YES;
				GCC_WARN_UNINITIALIZED_AUTOS = YES_AGGRESSIVE;
				GCC_WARN_UNUSED_FUNCTION = YES;
				GCC_WARN_UNUSED_VARIABLE = YES;
				IPHONEOS_DEPLOYMENT_TARGET = 18.4;
				LOCALIZATION_PREFERS_STRING_CATALOGS = YES;
				MTL_ENABLE_DEBUG_INFO = NO;
				MTL_FAST_MATH = YES;
				SDKROOT = iphoneos;
				SWIFT_COMPILATION_MODE = wholemodule;
				VALIDATE_PRODUCT = YES;
			};
			name = Release;
		};
/* End XCBuildConfiguration section */

/* Begin XCConfigurationList section */
		6401682A2E28163B00802E52 /* Build configuration list for PBXProject "WeightCalc" */ = {
			isa = XCConfigurationList;
			buildConfigurations = (
				640168452E28163D00802E52 /* Debug */,
				640168462E28163D00802E52 /* Release */,
			);
			defaultConfigurationIsVisible = 0;
			defaultConfigurationName = Release;
		};
		640168422E28163D00802E52 /* Build configuration list for PBXNativeTarget "WeightCalc" */ = {
			isa = XCConfigurationList;
			buildConfigurations = (
				640168432E28163D00802E52 /* Debug */,
				640168442E28163D00802E52 /* Release */,
			);
			defaultConfigurationIsVisible = 0;
			defaultConfigurationName = Release;
		};
/* End XCConfigurationList section */
	};
	rootObject = 640168272E28163B00802E52 /* Project object */;
}
